
Microsoft Visual Studio Solution File, Format Version 12.00
# Visual Studio Version 17
VisualStudioVersion = 17.2.32519.379
MinimumVisualStudioVersion = 10.0.40219.1
Project("{9A19103F-16F7-4668-BE54-9A1E7A4F7556}") = "HomeApi", "HomeApi\HomeApi.csproj", "{7DAB14DC-9FE6-418E-B9A1-957C80F1FBE7}"
EndProject
Project("{FAE04EC0-301F-11D3-BF4B-00C04F79EFBC}") = "HomeApi.Contracts", "HomeApi.Contracts\HomeApi.Contracts.csproj", "{7F7E02ED-F752-454B-8104-AEFE6D981FB4}"
EndProject
Project("{FAE04EC0-301F-11D3-BF4B-00C04F79EFBC}") = "HomeApi.Data", "HomeApi.Data\HomeApi.Data.csproj", "{EA7601A2-3ADA-4160-8F02-B98208870F63}"
EndProject
Global
	GlobalSection(SolutionConfigurationPlatforms) = preSolution
		Debug|Any CPU = Debug|Any CPU
		Release|Any CPU = Release|Any CPU
	EndGlobalSection
	GlobalSection(ProjectConfigurationPlatforms) = postSolution
		{7DAB14DC-9FE6-418E-B9A1-957C80F1FBE7}.Debug|Any CPU.ActiveCfg = Debug|Any CPU
		{7DAB14DC-9FE6-418E-B9A1-957C80F1FBE7}.Debug|Any CPU.Build.0 = Debug|Any CPU
		{7DAB14DC-9FE6-418E-B9A1-957C80F1FBE7}.Release|Any CPU.ActiveCfg = Release|Any CPU
		{7DAB14DC-9FE6-418E-B9A1-957C80F1FBE7}.Release|Any CPU.Build.0 = Release|Any CPU
		{7F7E02ED-F752-454B-8104-AEFE6D981FB4}.Debug|Any CPU.ActiveCfg = Debug|Any CPU
		{7F7E02ED-F752-454B-8104-AEFE6D981FB4}.Debug|Any CPU.Build.0 = Debug|Any CPU
		{7F7E02ED-F752-454B-8104-AEFE6D981FB4}.Release|Any CPU.ActiveCfg = Release|Any CPU
		{7F7E02ED-F752-454B-8104-AEFE6D981FB4}.Release|Any CPU.Build.0 = Release|Any CPU
		{EA7601A2-3ADA-4160-8F02-B98208870F63}.Debug|Any CPU.ActiveCfg = Debug|Any CPU
		{EA7601A2-3ADA-4160-8F02-B98208870F63}.Debug|Any CPU.Build.0 = Debug|Any CPU
		{EA7601A2-3ADA-4160-8F02-B98208870F63}.Release|Any CPU.ActiveCfg = Release|Any CPU
		{EA7601A2-3ADA-4160-8F02-B98208870F63}.Release|Any CPU.Build.0 = Release|Any CPU
	EndGlobalSection
	GlobalSection(SolutionProperties) = preSolution
		HideSolutionNode = FALSE
	EndGlobalSection
	GlobalSection(ExtensibilityGlobals) = postSolution
		SolutionGuid = {65E1002A-1DB6-42B8-91DF-725C180428C4}
	EndGlobalSection
EndGlobal
